{
	"name": "beholderjs",
	"version": "0.0.3",
	"lockfileVersion": 1,
	"requires": true,
	"dependencies": {
		"cuid": {
			"version": "2.1.4",
			"resolved": "https://registry.npmjs.org/cuid/-/cuid-2.1.4.tgz",
			"integrity": "sha512-l1vrCiWOwBpu85bfm939Hg3MQh2alxAMoGZnjcJOYkgN7wzy9yi3vQhRzwcTr9mdIlfTp8DP9G5ZgIIPyaQEvg=="
		},
		"immediate": {
			"version": "3.0.6",
			"resolved": "https://registry.npmjs.org/immediate/-/immediate-3.0.6.tgz",
			"integrity": "sha1-nbHb0Pr43m++D13V5Wu2BigN5ps="
		},
		"lie": {
			"version": "3.1.1",
			"resolved": "https://registry.npmjs.org/lie/-/lie-3.1.1.tgz",
			"integrity": "sha1-mkNrLMd0bKWd56QfpGmz77dr2H4=",
			"requires": {
				"immediate": "~3.0.5"
			}
		},
		"localforage": {
			"version": "1.7.3",
			"resolved": "https://registry.npmjs.org/localforage/-/localforage-1.7.3.tgz",
			"integrity": "sha512-1TulyYfc4udS7ECSBT2vwJksWbkwwTX8BzeUIiq8Y07Riy7bDAAnxDaPU/tWyOVmQAcWJIEIFP9lPfBGqVoPgQ==",
			"requires": {
				"lie": "3.1.1"
			}
		},
		"typescript": {
			"version": "3.3.1",
			"resolved": "https://registry.npmjs.org/typescript/-/typescript-3.3.1.tgz",
			"integrity": "sha512-cTmIDFW7O0IHbn1DPYjkiebHxwtCMU+eTy30ZtJNBPF9j2O1ITu5XH2YnBeVRKWHqF+3JQwWJv0Q0aUgX8W7IA==",
			"dev": true
		}
	}
}
